
Microsoft Visual Studio Solution File, Format Version 12.00
# Visual Studio Version 16
VisualStudioVersion = 16.0.29709.97
MinimumVisualStudioVersion = 10.0.40219.1
Project("{9A19103F-16F7-4668-BE54-9A1E7A4F7556}") = "WebAPI", "WebAPI\WebAPI.csproj", "{7127BFD3-86CA-4D7A-B398-42EEFB58CD98}"
EndProject
Project("{9A19103F-16F7-4668-BE54-9A1E7A4F7556}") = "Entities", "Entities\Entities.csproj", "{21414A09-1D04-4BE4-814D-9A398B77BB65}"
EndProject
Project("{FAE04EC0-301F-11D3-BF4B-00C04F79EFBC}") = "Service", "Service\Service.csproj", "{DDA426AF-AFB8-46EA-BD67-6FFCB4201FFC}"
EndProject
Global
	GlobalSection(SolutionConfigurationPlatforms) = preSolution
		Debug|Any CPU = Debug|Any CPU
		Release|Any CPU = Release|Any CPU
	EndGlobalSection
	GlobalSection(ProjectConfigurationPlatforms) = postSolution
		{7127BFD3-86CA-4D7A-B398-42EEFB58CD98}.Debug|Any CPU.ActiveCfg = Debug|Any CPU
		{7127BFD3-86CA-4D7A-B398-42EEFB58CD98}.Debug|Any CPU.Build.0 = Debug|Any CPU
		{7127BFD3-86CA-4D7A-B398-42EEFB58CD98}.Release|Any CPU.ActiveCfg = Release|Any CPU
		{7127BFD3-86CA-4D7A-B398-42EEFB58CD98}.Release|Any CPU.Build.0 = Release|Any CPU
		{21414A09-1D04-4BE4-814D-9A398B77BB65}.Debug|Any CPU.ActiveCfg = Debug|Any CPU
		{21414A09-1D04-4BE4-814D-9A398B77BB65}.Debug|Any CPU.Build.0 = Debug|Any CPU
		{21414A09-1D04-4BE4-814D-9A398B77BB65}.Release|Any CPU.ActiveCfg = Release|Any CPU
		{21414A09-1D04-4BE4-814D-9A398B77BB65}.Release|Any CPU.Build.0 = Release|Any CPU
		{DDA426AF-AFB8-46EA-BD67-6FFCB4201FFC}.Debug|Any CPU.ActiveCfg = Debug|Any CPU
		{DDA426AF-AFB8-46EA-BD67-6FFCB4201FFC}.Debug|Any CPU.Build.0 = Debug|Any CPU
		{DDA426AF-AFB8-46EA-BD67-6FFCB4201FFC}.Release|Any CPU.ActiveCfg = Release|Any CPU
		{DDA426AF-AFB8-46EA-BD67-6FFCB4201FFC}.Release|Any CPU.Build.0 = Release|Any CPU
	EndGlobalSection
	GlobalSection(SolutionProperties) = preSolution
		HideSolutionNode = FALSE
	EndGlobalSection
	GlobalSection(ExtensibilityGlobals) = postSolution
		SolutionGuid = {92F95FA1-7453-4B42-A554-11F7A4839604}
	EndGlobalSection
EndGlobal
